// !$*UTF8*$!
{
	archiveVersion = 1;
	classes = {
	};
	objectVersion = 46;
	objects = {

/* Begin PBXBuildFile section */
		D523B7C61F16CD4A00209E85 /* AppDelegate.swift in Sources */ = {isa = PBXBuildFile; fileRef = D523B7C51F16CD4A00209E85 /* AppDelegate.swift */; };
		D523B7C81F16CD4A00209E85 /* ViewController.swift in Sources */ = {isa = PBXBuildFile; fileRef = D523B7C71F16CD4A00209E85 /* ViewController.swift */; };
		D523B7CB1F16CD4A00209E85 /* Main.storyboard in Resources */ = {isa = PBXBuildFile; fileRef = D523B7C91F16CD4A00209E85 /* Main.storyboard */; };
		D523B7CD1F16CD4A00209E85 /* Assets.xcassets in Resources */ = {isa = PBXBuildFile; fileRef = D523B7CC1F16CD4A00209E85 /* Assets.xcassets */; };
		D523B7D01F16CD4A00209E85 /* LaunchScreen.storyboard in Resources */ = {isa = PBXBuildFile; fileRef = D523B7CE1F16CD4A00209E85 /* LaunchScreen.storyboard */; };
		D523B7DB1F16CD4A00209E85 /* Virtual_TouristTests.swift in Sources */ = {isa = PBXBuildFile; fileRef = D523B7DA1F16CD4A00209E85 /* Virtual_TouristTests.swift */; };
		D523B7E61F16CD4A00209E85 /* Virtual_TouristUITests.swift in Sources */ = {isa = PBXBuildFile; fileRef = D523B7E51F16CD4A00209E85 /* Virtual_TouristUITests.swift */; };
		D523B7F41F189DC500209E85 /* PinAnnoation.swift in Sources */ = {isa = PBXBuildFile; fileRef = D523B7F31F189DC500209E85 /* PinAnnoation.swift */; };
		D523B7F61F197A0200209E85 /* CollectionViewCell.swift in Sources */ = {isa = PBXBuildFile; fileRef = D523B7F51F197A0200209E85 /* CollectionViewCell.swift */; };
		D523B7F81F197A9D00209E85 /* DetailViewController.swift in Sources */ = {isa = PBXBuildFile; fileRef = D523B7F71F197A9D00209E85 /* DetailViewController.swift */; };
		D5265A391F1EFC9100F3BD71 /* Flickr.swift in Sources */ = {isa = PBXBuildFile; fileRef = D5265A361F1EFC9100F3BD71 /* Flickr.swift */; };
		D5265A3A1F1EFC9100F3BD71 /* FlickrPhoto.swift in Sources */ = {isa = PBXBuildFile; fileRef = D5265A371F1EFC9100F3BD71 /* FlickrPhoto.swift */; };
		D5265A3B1F1EFC9100F3BD71 /* FlickrSearchResults.swift in Sources */ = {isa = PBXBuildFile; fileRef = D5265A381F1EFC9100F3BD71 /* FlickrSearchResults.swift */; };
		D5265A3D1F1F154200F3BD71 /* ImageData.swift in Sources */ = {isa = PBXBuildFile; fileRef = D5265A3C1F1F154200F3BD71 /* ImageData.swift */; };
		D5265A3F1F1FE31900F3BD71 /* bike_traveler.png in Resources */ = {isa = PBXBuildFile; fileRef = D5265A3E1F1FE31900F3BD71 /* bike_traveler.png */; };
/* End PBXBuildFile section */

/* Begin PBXContainerItemProxy section */
		D523B7D71F16CD4A00209E85 /* PBXContainerItemProxy */ = {
			isa = PBXContainerItemProxy;
			containerPortal = D523B7BA1F16CD4900209E85 /* Project object */;
			proxyType = 1;
			remoteGlobalIDString = D523B7C11F16CD4A00209E85;
			remoteInfo = "Virtual Tourist";
		};
		D523B7E21F16CD4A00209E85 /* PBXContainerItemProxy */ = {
			isa = PBXContainerItemProxy;
			containerPortal = D523B7BA1F16CD4900209E85 /* Project object */;
			proxyType = 1;
			remoteGlobalIDString = D523B7C11F16CD4A00209E85;
			remoteInfo = "Virtual Tourist";
		};
/* End PBXContainerItemProxy section */

/* Begin PBXFileReference section */
		D523B7C21F16CD4A00209E85 /* Virtual Tourist.app */ = {isa = PBXFileReference; explicitFileType = wrapper.application; includeInIndex = 0; path = "Virtual Tourist.app"; sourceTree = BUILT_PRODUCTS_DIR; };
		D523B7C51F16CD4A00209E85 /* AppDelegate.swift */ = {isa = PBXFileReference; lastKnownFileType = sourcecode.swift; path = AppDelegate.swift; sourceTree = "<group>"; };
		D523B7C71F16CD4A00209E85 /* ViewController.swift */ = {isa = PBXFileReference; lastKnownFileType = sourcecode.swift; path = ViewController.swift; sourceTree = "<group>"; };
		D523B7CA1F16CD4A00209E85 /* Base */ = {isa = PBXFileReference; lastKnownFileType = file.storyboard; name = Base; path = Base.lproj/Main.storyboard; sourceTree = "<group>"; };
		D523B7CC1F16CD4A00209E85 /* Assets.xcassets */ = {isa = PBXFileReference; lastKnownFileType = folder.assetcatalog; path = Assets.xcassets; sourceTree = "<group>"; };
		D523B7CF1F16CD4A00209E85 /* Base */ = {isa = PBXFileReference; lastKnownFileType = file.storyboard; name = Base; path = Base.lproj/LaunchScreen.storyboard; sourceTree = "<group>"; };
		D523B7D11F16CD4A00209E85 /* Info.plist */ = {isa = PBXFileReference; lastKnownFileType = text.plist.xml; path = Info.plist; sourceTree = "<group>"; };
		D523B7D61F16CD4A00209E85 /* Virtual TouristTests.xctest */ = {isa = PBXFileReference; explicitFileType = wrapper.cfbundle; includeInIndex = 0; path = "Virtual TouristTests.xctest"; sourceTree = BUILT_PRODUCTS_DIR; };
		D523B7DA1F16CD4A00209E85 /* Virtual_TouristTests.swift */ = {isa = PBXFileReference; lastKnownFileType = sourcecode.swift; path = Virtual_TouristTests.swift; sourceTree = "<group>"; };
		D523B7DC1F16CD4A00209E85 /* Info.plist */ = {isa = PBXFileReference; lastKnownFileType = text.plist.xml; path = Info.plist; sourceTree = "<group>"; };
		D523B7E11F16CD4A00209E85 /* Virtual TouristUITests.xctest */ = {isa = PBXFileReference; explicitFileType = wrapper.cfbundle; includeInIndex = 0; path = "Virtual TouristUITests.xctest"; sourceTree = BUILT_PRODUCTS_DIR; };
		D523B7E51F16CD4A00209E85 /* Virtual_TouristUITests.swift */ = {isa = PBXFileReference; lastKnownFileType = sourcecode.swift; path = Virtual_TouristUITests.swift; sourceTree = "<group>"; };
		D523B7E71F16CD4A00209E85 /* Info.plist */ = {isa = PBXFileReference; lastKnownFileType = text.plist.xml; path = Info.plist; sourceTree = "<group>"; };
		D523B7F31F189DC500209E85 /* PinAnnoation.swift */ = {isa = PBXFileReference; fileEncoding = 4; lastKnownFileType = sourcecode.swift; path = PinAnnoation.swift; sourceTree = "<group>"; };
		D523B7F51F197A0200209E85 /* CollectionViewCell.swift */ = {isa = PBXFileReference; fileEncoding = 4; lastKnownFileType = sourcecode.swift; path = CollectionViewCell.swift; sourceTree = "<group>"; };
		D523B7F71F197A9D00209E85 /* DetailViewController.swift */ = {isa = PBXFileReference; fileEncoding = 4; lastKnownFileType = sourcecode.swift; path = DetailViewController.swift; sourceTree = "<group>"; };
		D5265A361F1EFC9100F3BD71 /* Flickr.swift */ = {isa = PBXFileReference; fileEncoding = 4; lastKnownFileType = sourcecode.swift; path = Flickr.swift; sourceTree = "<group>"; };
		D5265A371F1EFC9100F3BD71 /* FlickrPhoto.swift */ = {isa = PBXFileReference; fileEncoding = 4; lastKnownFileType = sourcecode.swift; path = FlickrPhoto.swift; sourceTree = "<group>"; };
		D5265A381F1EFC9100F3BD71 /* FlickrSearchResults.swift */ = {isa = PBXFileReference; fileEncoding = 4; lastKnownFileType = sourcecode.swift; path = FlickrSearchResults.swift; sourceTree = "<group>"; };
		D5265A3C1F1F154200F3BD71 /* ImageData.swift */ = {isa = PBXFileReference; fileEncoding = 4; lastKnownFileType = sourcecode.swift; path = ImageData.swift; sourceTree = "<group>"; };
		D5265A3E1F1FE31900F3BD71 /* bike_traveler.png */ = {isa = PBXFileReference; lastKnownFileType = image.png; path = bike_traveler.png; sourceTree = "<group>"; };
/* End PBXFileReference section */

/* Begin PBXFrameworksBuildPhase section */
		D523B7BF1F16CD4A00209E85 /* Frameworks */ = {
			isa = PBXFrameworksBuildPhase;
			buildActionMask = 2147483647;
			files = (
			);
			runOnlyForDeploymentPostprocessing = 0;
		};
		D523B7D31F16CD4A00209E85 /* Frameworks */ = {
			isa = PBXFrameworksBuildPhase;
			buildActionMask = 2147483647;
			files = (
			);
			runOnlyForDeploymentPostprocessing = 0;
		};
		D523B7DE1F16CD4A00209E85 /* Frameworks */ = {
			isa = PBXFrameworksBuildPhase;
			buildActionMask = 2147483647;
			files = (
			);
			runOnlyForDeploymentPostprocessing = 0;
		};
/* End PBXFrameworksBuildPhase section */

/* Begin PBXGroup section */
		D523B7B91F16CD4900209E85 = {
			isa = PBXGroup;
			children = (
				D523B7C41F16CD4A00209E85 /* Virtual Tourist */,
				D523B7D91F16CD4A00209E85 /* Virtual TouristTests */,
				D523B7E41F16CD4A00209E85 /* Virtual TouristUITests */,
				D523B7C31F16CD4A00209E85 /* Products */,
			);
			sourceTree = "<group>";
		};
		D523B7C31F16CD4A00209E85 /* Products */ = {
			isa = PBXGroup;
			children = (
				D523B7C21F16CD4A00209E85 /* Virtual Tourist.app */,
				D523B7D61F16CD4A00209E85 /* Virtual TouristTests.xctest */,
				D523B7E11F16CD4A00209E85 /* Virtual TouristUITests.xctest */,
			);
			name = Products;
			sourceTree = "<group>";
		};
		D523B7C41F16CD4A00209E85 /* Virtual Tourist */ = {
			isa = PBXGroup;
			children = (
				D523B7C51F16CD4A00209E85 /* AppDelegate.swift */,
				D523B7C71F16CD4A00209E85 /* ViewController.swift */,
				D523B7C91F16CD4A00209E85 /* Main.storyboard */,
				D5265A361F1EFC9100F3BD71 /* Flickr.swift */,
				D5265A371F1EFC9100F3BD71 /* FlickrPhoto.swift */,
				D5265A381F1EFC9100F3BD71 /* FlickrSearchResults.swift */,
				D523B7CC1F16CD4A00209E85 /* Assets.xcassets */,
				D523B7CE1F16CD4A00209E85 /* LaunchScreen.storyboard */,
				D5265A3E1F1FE31900F3BD71 /* bike_traveler.png */,
				D523B7D11F16CD4A00209E85 /* Info.plist */,
				D523B7F31F189DC500209E85 /* PinAnnoation.swift */,
				D523B7F51F197A0200209E85 /* CollectionViewCell.swift */,
				D523B7F71F197A9D00209E85 /* DetailViewController.swift */,
				D5265A3C1F1F154200F3BD71 /* ImageData.swift */,
			);
			path = "Virtual Tourist";
			sourceTree = "<group>";
		};
		D523B7D91F16CD4A00209E85 /* Virtual TouristTests */ = {
			isa = PBXGroup;
			children = (
				D523B7DA1F16CD4A00209E85 /* Virtual_TouristTests.swift */,
				D523B7DC1F16CD4A00209E85 /* Info.plist */,
			);
			path = "Virtual TouristTests";
			sourceTree = "<group>";
		};
		D523B7E41F16CD4A00209E85 /* Virtual TouristUITests */ = {
			isa = PBXGroup;
			children = (
				D523B7E51F16CD4A00209E85 /* Virtual_TouristUITests.swift */,
				D523B7E71F16CD4A00209E85 /* Info.plist */,
			);
			path = "Virtual TouristUITests";
			sourceTree = "<group>";
		};
/* End PBXGroup section */

/* Begin PBXNativeTarget section */
		D523B7C11F16CD4A00209E85 /* Virtual Tourist */ = {
			isa = PBXNativeTarget;
			buildConfigurationList = D523B7EA1F16CD4A00209E85 /* Build configuration list for PBXNativeTarget "Virtual Tourist" */;
			buildPhases = (
				D523B7BE1F16CD4A00209E85 /* Sources */,
				D523B7BF1F16CD4A00209E85 /* Frameworks */,
				D523B7C01F16CD4A00209E85 /* Resources */,
			);
			buildRules = (
			);
			dependencies = (
			);
			name = "Virtual Tourist";
			productName = "Virtual Tourist";
			productReference = D523B7C21F16CD4A00209E85 /* Virtual Tourist.app */;
			productType = "com.apple.product-type.application";
		};
		D523B7D51F16CD4A00209E85 /* Virtual TouristTests */ = {
			isa = PBXNativeTarget;
			buildConfigurationList = D523B7ED1F16CD4A00209E85 /* Build configuration list for PBXNativeTarget "Virtual TouristTests" */;
			buildPhases = (
				D523B7D21F16CD4A00209E85 /* Sources */,
				D523B7D31F16CD4A00209E85 /* Frameworks */,
				D523B7D41F16CD4A00209E85 /* Resources */,
			);
			buildRules = (
			);
			dependencies = (
				D523B7D81F16CD4A00209E85 /* PBXTargetDependency */,
			);
			name = "Virtual TouristTests";
			productName = "Virtual TouristTests";
			productReference = D523B7D61F16CD4A00209E85 /* Virtual TouristTests.xctest */;
			productType = "com.apple.product-type.bundle.unit-test";
		};
		D523B7E01F16CD4A00209E85 /* Virtual TouristUITests */ = {
			isa = PBXNativeTarget;
			buildConfigurationList = D523B7F01F16CD4A00209E85 /* Build configuration list for PBXNativeTarget "Virtual TouristUITests" */;
			buildPhases = (
				D523B7DD1F16CD4A00209E85 /* Sources */,
				D523B7DE1F16CD4A00209E85 /* Frameworks */,
				D523B7DF1F16CD4A00209E85 /* Resources */,
			);
			buildRules = (
			);
			dependencies = (
				D523B7E31F16CD4A00209E85 /* PBXTargetDependency */,
			);
			name = "Virtual TouristUITests";
			productName = "Virtual TouristUITests";
			productReference = D523B7E11F16CD4A00209E85 /* Virtual TouristUITests.xctest */;
			productType = "com.apple.product-type.bundle.ui-testing";
		};
/* End PBXNativeTarget section */

/* Begin PBXProject section */
		D523B7BA1F16CD4900209E85 /* Project object */ = {
			isa = PBXProject;
			attributes = {
				LastSwiftUpdateCheck = 0830;
				LastUpgradeCheck = 0830;
				ORGANIZATIONNAME = Appfish;
				TargetAttributes = {
					D523B7C11F16CD4A00209E85 = {
						CreatedOnToolsVersion = 8.3.3;
						DevelopmentTeam = T7PF689UHV;
						ProvisioningStyle = Automatic;
					};
					D523B7D51F16CD4A00209E85 = {
						CreatedOnToolsVersion = 8.3.3;
						ProvisioningStyle = Automatic;
						TestTargetID = D523B7C11F16CD4A00209E85;
					};
					D523B7E01F16CD4A00209E85 = {
						CreatedOnToolsVersion = 8.3.3;
						ProvisioningStyle = Automatic;
						TestTargetID = D523B7C11F16CD4A00209E85;
					};
				};
			};
			buildConfigurationList = D523B7BD1F16CD4900209E85 /* Build configuration list for PBXProject "Virtual Tourist" */;
			compatibilityVersion = "Xcode 3.2";
			developmentRegion = English;
			hasScannedForEncodings = 0;
			knownRegions = (
				en,
				Base,
			);
			mainGroup = D523B7B91F16CD4900209E85;
			productRefGroup = D523B7C31F16CD4A00209E85 /* Products */;
			projectDirPath = "";
			projectRoot = "";
			targets = (
				D523B7C11F16CD4A00209E85 /* Virtual Tourist */,
				D523B7D51F16CD4A00209E85 /* Virtual TouristTests */,
				D523B7E01F16CD4A00209E85 /* Virtual TouristUITests */,
			);
		};
/* End PBXProject section */

/* Begin PBXResourcesBuildPhase section */
		D523B7C01F16CD4A00209E85 /* Resources */ = {
			isa = PBXResourcesBuildPhase;
			buildActionMask = 2147483647;
			files = (
				D523B7D01F16CD4A00209E85 /* LaunchScreen.storyboard in Resources */,
				D523B7CD1F16CD4A00209E85 /* Assets.xcassets in Resources */,
				D523B7CB1F16CD4A00209E85 /* Main.storyboard in Resources */,
				D5265A3F1F1FE31900F3BD71 /* bike_traveler.png in Resources */,
			);
			runOnlyForDeploymentPostprocessing = 0;
		};
		D523B7D41F16CD4A00209E85 /* Resources */ = {
			isa = PBXResourcesBuildPhase;
			buildActionMask = 2147483647;
			files = (
			);
			runOnlyForDeploymentPostprocessing = 0;
		};
		D523B7DF1F16CD4A00209E85 /* Resources */ = {
			isa = PBXResourcesBuildPhase;
			buildActionMask = 2147483647;
			files = (
			);
			runOnlyForDeploymentPostprocessing = 0;
		};
/* End PBXResourcesBuildPhase section */

/* Begin PBXSourcesBuildPhase section */
		D523B7BE1F16CD4A00209E85 /* Sources */ = {
			isa = PBXSourcesBuildPhase;
			buildActionMask = 2147483647;
			files = (
				D523B7C81F16CD4A00209E85 /* ViewController.swift in Sources */,
				D523B7C61F16CD4A00209E85 /* AppDelegate.swift in Sources */,
				D523B7F81F197A9D00209E85 /* DetailViewController.swift in Sources */,
				D523B7F61F197A0200209E85 /* CollectionViewCell.swift in Sources */,
				D5265A3A1F1EFC9100F3BD71 /* FlickrPhoto.swift in Sources */,
				D5265A3D1F1F154200F3BD71 /* ImageData.swift in Sources */,
				D5265A391F1EFC9100F3BD71 /* Flickr.swift in Sources */,
				D523B7F41F189DC500209E85 /* PinAnnoation.swift in Sources */,
				D5265A3B1F1EFC9100F3BD71 /* FlickrSearchResults.swift in Sources */,
			);
			runOnlyForDeploymentPostprocessing = 0;
		};
		D523B7D21F16CD4A00209E85 /* Sources */ = {
			isa = PBXSourcesBuildPhase;
			buildActionMask = 2147483647;
			files = (
				D523B7DB1F16CD4A00209E85 /* Virtual_TouristTests.swift in Sources */,
			);
			runOnlyForDeploymentPostprocessing = 0;
		};
		D523B7DD1F16CD4A00209E85 /* Sources */ = {
			isa = PBXSourcesBuildPhase;
			buildActionMask = 2147483647;
			files = (
				D523B7E61F16CD4A00209E85 /* Virtual_TouristUITests.swift in Sources */,
			);
			runOnlyForDeploymentPostprocessing = 0;
		};
/* End PBXSourcesBuildPhase section */

/* Begin PBXTargetDependency section */
		D523B7D81F16CD4A00209E85 /* PBXTargetDependency */ = {
			isa = PBXTargetDependency;
			target = D523B7C11F16CD4A00209E85 /* Virtual Tourist */;
			targetProxy = D523B7D71F16CD4A00209E85 /* PBXContainerItemProxy */;
		};
		D523B7E31F16CD4A00209E85 /* PBXTargetDependency */ = {
			isa = PBXTargetDependency;
			target = D523B7C11F16CD4A00209E85 /* Virtual Tourist */;
			targetProxy = D523B7E21F16CD4A00209E85 /* PBXContainerItemProxy */;
		};
/* End PBXTargetDependency section */

/* Begin PBXVariantGroup section */
		D523B7C91F16CD4A00209E85 /* Main.storyboard */ = {
			isa = PBXVariantGroup;
			children = (
				D523B7CA1F16CD4A00209E85 /* Base */,
			);
			name = Main.storyboard;
			sourceTree = "<group>";
		};
		D523B7CE1F16CD4A00209E85 /* LaunchScreen.storyboard */ = {
			isa = PBXVariantGroup;
			children = (
				D523B7CF1F16CD4A00209E85 /* Base */,
			);
			name = LaunchScreen.storyboard;
			sourceTree = "<group>";
		};
/* End PBXVariantGroup section */

/* Begin XCBuildConfiguration section */
		D523B7E81F16CD4A00209E85 /* Debug */ = {
			isa = XCBuildConfiguration;
			buildSettings = {
				ALWAYS_SEARCH_USER_PATHS = NO;
				CLANG_ANALYZER_NONNULL = YES;
				CLANG_ANALYZER_NUMBER_OBJECT_CONVERSION = YES_AGGRESSIVE;
				CLANG_CXX_LANGUAGE_STANDARD = "gnu++0x";
				CLANG_CXX_LIBRARY = "libc++";
				CLANG_ENABLE_MODULES = YES;
				CLANG_ENABLE_OBJC_ARC = YES;
				CLANG_WARN_BOOL_CONVERSION = YES;
				CLANG_WARN_CONSTANT_CONVERSION = YES;
				CLANG_WARN_DIRECT_OBJC_ISA_USAGE = YES_ERROR;
				CLANG_WARN_DOCUMENTATION_COMMENTS = YES;
				CLANG_WARN_EMPTY_BODY = YES;
				CLANG_WARN_ENUM_CONVERSION = YES;
				CLANG_WARN_INFINITE_RECURSION = YES;
				CLANG_WARN_INT_CONVERSION = YES;
				CLANG_WARN_OBJC_ROOT_CLASS = YES_ERROR;
				CLANG_WARN_SUSPICIOUS_MOVE = YES;
				CLANG_WARN_UNREACHABLE_CODE = YES;
				CLANG_WARN__DUPLICATE_METHOD_MATCH = YES;
				"CODE_SIGN_IDENTITY[sdk=iphoneos*]" = "iPhone Developer";
				COPY_PHASE_STRIP = NO;
				DEBUG_INFORMATION_FORMAT = dwarf;
				ENABLE_STRICT_OBJC_MSGSEND = YES;
				ENABLE_TESTABILITY = YES;
				GCC_C_LANGUAGE_STANDARD = gnu99;
				GCC_DYNAMIC_NO_PIC = NO;
				GCC_NO_COMMON_BLOCKS = YES;
				GCC_OPTIMIZATION_LEVEL = 0;
				GCC_PREPROCESSOR_DEFINITIONS = (
					"DEBUG=1",
					"$(inherited)",
				);
				GCC_WARN_64_TO_32_BIT_CONVERSION = YES;
				GCC_WARN_ABOUT_RETURN_TYPE = YES_ERROR;
				GCC_WARN_UNDECLARED_SELECTOR = YES;
				GCC_WARN_UNINITIALIZED_AUTOS = YES_AGGRESSIVE;
				GCC_WARN_UNUSED_FUNCTION = YES;
				GCC_WARN_UNUSED_VARIABLE = YES;
				IPHONEOS_DEPLOYMENT_TARGET = 10.3;
				MTL_ENABLE_DEBUG_INFO = YES;
				ONLY_ACTIVE_ARCH = YES;
				SDKROOT = iphoneos;
				SWIFT_ACTIVE_COMPILATION_CONDITIONS = DEBUG;
				SWIFT_OPTIMIZATION_LEVEL = "-Onone";
			};
			name = Debug;
		};
		D523B7E91F16CD4A00209E85 /* Release */ = {
			isa = XCBuildConfiguration;
			buildSettings = {
				ALWAYS_SEARCH_USER_PATHS = NO;
				CLANG_ANALYZER_NONNULL = YES;
				CLANG_ANALYZER_NUMBER_OBJECT_CONVERSION = YES_AGGRESSIVE;
				CLANG_CXX_LANGUAGE_STANDARD = "gnu++0x";
				CLANG_CXX_LIBRARY = "libc++";
				CLANG_ENABLE_MODULES = YES;
				CLANG_ENABLE_OBJC_ARC = YES;
				CLANG_WARN_BOOL_CONVERSION = YES;
				CLANG_WARN_CONSTANT_CONVERSION = YES;
				CLANG_WARN_DIRECT_OBJC_ISA_USAGE = YES_ERROR;
				CLANG_WARN_DOCUMENTATION_COMMENTS = YES;
				CLANG_WARN_EMPTY_BODY = YES;
				CLANG_WARN_ENUM_CONVERSION = YES;
				CLANG_WARN_INFINITE_RECURSION = YES;
				CLANG_WARN_INT_CONVERSION = YES;
				CLANG_WARN_OBJC_ROOT_CLASS = YES_ERROR;
				CLANG_WARN_SUSPICIOUS_MOVE = YES;
				CLANG_WARN_UNREACHABLE_CODE = YES;
				CLANG_WARN__DUPLICATE_METHOD_MATCH = YES;
				"CODE_SIGN_IDENTITY[sdk=iphoneos*]" = "iPhone Developer";
				COPY_PHASE_STRIP = NO;
				DEBUG_INFORMATION_FORMAT = "dwarf-with-dsym";
				ENABLE_NS_ASSERTIONS = NO;
				ENABLE_STRICT_OBJC_MSGSEND = YES;
				GCC_C_LANGUAGE_STANDARD = gnu99;
				GCC_NO_COMMON_BLOCKS = YES;
				GCC_WARN_64_TO_32_BIT_CONVERSION = YES;
				GCC_WARN_ABOUT_RETURN_TYPE = YES_ERROR;
				GCC_WARN_UNDECLARED_SELECTOR = YES;
				GCC_WARN_UNINITIALIZED_AUTOS = YES_AGGRESSIVE;
				GCC_WARN_UNUSED_FUNCTION = YES;
				GCC_WARN_UNUSED_VARIABLE = YES;
				IPHONEOS_DEPLOYMENT_TARGET = 10.3;
				MTL_ENABLE_DEBUG_INFO = NO;
				SDKROOT = iphoneos;
				SWIFT_OPTIMIZATION_LEVEL = "-Owholemodule";
				VALIDATE_PRODUCT = YES;
			};
			name = Release;
		};
		D523B7EB1F16CD4A00209E85 /* Debug */ = {
			isa = XCBuildConfiguration;
			buildSettings = {
				ASSETCATALOG_COMPILER_APPICON_NAME = AppIcon;
				DEVELOPMENT_TEAM = T7PF689UHV;
				INFOPLIST_FILE = "Virtual Tourist/Info.plist";
				LD_RUNPATH_SEARCH_PATHS = "$(inherited) @executable_path/Frameworks";
				PRODUCT_BUNDLE_IDENTIFIER = "com.appfish.Virtual-Tourist";
				PRODUCT_NAME = "$(TARGET_NAME)";
				SWIFT_VERSION = 3.0;
			};
			name = Debug;
		};
		D523B7EC1F16CD4A00209E85 /* Release */ = {
			isa = XCBuildConfiguration;
			buildSettings = {
				ASSETCATALOG_COMPILER_APPICON_NAME = AppIcon;
				DEVELOPMENT_TEAM = T7PF689UHV;
				INFOPLIST_FILE = "Virtual Tourist/Info.plist";
				LD_RUNPATH_SEARCH_PATHS = "$(inherited) @executable_path/Frameworks";
				PRODUCT_BUNDLE_IDENTIFIER = "com.appfish.Virtual-Tourist";
				PRODUCT_NAME = "$(TARGET_NAME)";
				SWIFT_VERSION = 3.0;
			};
			name = Release;
		};
		D523B7EE1F16CD4A00209E85 /* Debug */ = {
			isa = XCBuildConfiguration;
			buildSettings = {
				ALWAYS_EMBED_SWIFT_STANDARD_LIBRARIES = YES;
				BUNDLE_LOADER = "$(TEST_HOST)";
				INFOPLIST_FILE = "Virtual TouristTests/Info.plist";
				LD_RUNPATH_SEARCH_PATHS = "$(inherited) @executable_path/Frameworks @loader_path/Frameworks";
				PRODUCT_BUNDLE_IDENTIFIER = "com.appfish.Virtual-TouristTests";
				PRODUCT_NAME = "$(TARGET_NAME)";
				SWIFT_VERSION = 3.0;
				TEST_HOST = "$(BUILT_PRODUCTS_DIR)/Virtual Tourist.app/Virtual Tourist";
			};
			name = Debug;
		};
		D523B7EF1F16CD4A00209E85 /* Release */ = {
			isa = XCBuildConfiguration;
			buildSettings = {
				ALWAYS_EMBED_SWIFT_STANDARD_LIBRARIES = YES;
				BUNDLE_LOADER = "$(TEST_HOST)";
				INFOPLIST_FILE = "Virtual TouristTests/Info.plist";
				LD_RUNPATH_SEARCH_PATHS = "$(inherited) @executable_path/Frameworks @loader_path/Frameworks";
				PRODUCT_BUNDLE_IDENTIFIER = "com.appfish.Virtual-TouristTests";
				PRODUCT_NAME = "$(TARGET_NAME)";
				SWIFT_VERSION = 3.0;
				TEST_HOST = "$(BUILT_PRODUCTS_DIR)/Virtual Tourist.app/Virtual Tourist";
			};
			name = Release;
		};
		D523B7F11F16CD4A00209E85 /* Debug */ = {
			isa = XCBuildConfiguration;
			buildSettings = {
				ALWAYS_EMBED_SWIFT_STANDARD_LIBRARIES = YES;
				INFOPLIST_FILE = "Virtual TouristUITests/Info.plist";
				LD_RUNPATH_SEARCH_PATHS = "$(inherited) @executable_path/Frameworks @loader_path/Frameworks";
				PRODUCT_BUNDLE_IDENTIFIER = "com.appfish.Virtual-TouristUITests";
				PRODUCT_NAME = "$(TARGET_NAME)";
				SWIFT_VERSION = 3.0;
				TEST_TARGET_NAME = "Virtual Tourist";
			};
			name = Debug;
		};
		D523B7F21F16CD4A00209E85 /* Release */ = {
			isa = XCBuildConfiguration;
			buildSettings = {
				ALWAYS_EMBED_SWIFT_STANDARD_LIBRARIES = YES;
				INFOPLIST_FILE = "Virtual TouristUITests/Info.plist";
				LD_RUNPATH_SEARCH_PATHS = "$(inherited) @executable_path/Frameworks @loader_path/Frameworks";
				PRODUCT_BUNDLE_IDENTIFIER = "com.appfish.Virtual-TouristUITests";
				PRODUCT_NAME = "$(TARGET_NAME)";
				SWIFT_VERSION = 3.0;
				TEST_TARGET_NAME = "Virtual Tourist";
			};
			name = Release;
		};
/* End XCBuildConfiguration section */

/* Begin XCConfigurationList section */
		D523B7BD1F16CD4900209E85 /* Build configuration list for PBXProject "Virtual Tourist" */ = {
			isa = XCConfigurationList;
			buildConfigurations = (
				D523B7E81F16CD4A00209E85 /* Debug */,
				D523B7E91F16CD4A00209E85 /* Release */,
			);
			defaultConfigurationIsVisible = 0;
			defaultConfigurationName = Release;
		};
		D523B7EA1F16CD4A00209E85 /* Build configuration list for PBXNativeTarget "Virtual Tourist" */ = {
			isa = XCConfigurationList;
			buildConfigurations = (
				D523B7EB1F16CD4A00209E85 /* Debug */,
				D523B7EC1F16CD4A00209E85 /* Release */,
			);
			defaultConfigurationIsVisible = 0;
			defaultConfigurationName = Release;
		};
		D523B7ED1F16CD4A00209E85 /* Build configuration list for PBXNativeTarget "Virtual TouristTests" */ = {
			isa = XCConfigurationList;
			buildConfigurations = (
				D523B7EE1F16CD4A00209E85 /* Debug */,
				D523B7EF1F16CD4A00209E85 /* Release */,
			);
			defaultConfigurationIsVisible = 0;
			defaultConfigurationName = Release;
		};
		D523B7F01F16CD4A00209E85 /* Build configuration list for PBXNativeTarget "Virtual TouristUITests" */ = {
			isa = XCConfigurationList;
			buildConfigurations = (
				D523B7F11F16CD4A00209E85 /* Debug */,
				D523B7F21F16CD4A00209E85 /* Release */,
			);
			defaultConfigurationIsVisible = 0;
			defaultConfigurationName = Release;
		};
/* End XCConfigurationList section */
	};
	rootObject = D523B7BA1F16CD4900209E85 /* Project object */;
}
